
Microsoft Visual Studio Solution File, Format Version 12.00
Project("{FAE04EC0-301F-11D3-BF4B-00C04F79EFBC}") = "DggNative", "DggNative\DggNative.csproj", "{397D74D4-1BC2-49F0-A7FC-DB0B6C95C729}"
EndProject
Global
	GlobalSection(SolutionConfigurationPlatforms) = preSolution
		Debug|Any CPU = Debug|Any CPU
		Release|Any CPU = Release|Any CPU
	EndGlobalSection
	GlobalSection(ProjectConfigurationPlatforms) = postSolution
		{397D74D4-1BC2-49F0-A7FC-DB0B6C95C729}.Debug|Any CPU.ActiveCfg = Debug|Any CPU
		{397D74D4-1BC2-49F0-A7FC-DB0B6C95C729}.Debug|Any CPU.Build.0 = Debug|Any CPU
		{397D74D4-1BC2-49F0-A7FC-DB0B6C95C729}.Release|Any CPU.ActiveCfg = Release|Any CPU
		{397D74D4-1BC2-49F0-A7FC-DB0B6C95C729}.Release|Any CPU.Build.0 = Release|Any CPU
	EndGlobalSection
EndGlobal
